
Microsoft Visual Studio Solution File, Format Version 12.00
# Visual Studio Version 17
VisualStudioVersion = 17.5.002.0
MinimumVisualStudioVersion = 10.0.40219.1
Project("{9A19103F-16F7-4668-BE54-9A1E7A4F7556}") = "MeuPerfilDev", "MeuPerfilDev.csproj", "{58175E9E-9075-4BBF-8C3F-A422BD0FFDE5}"
EndProject
Global
	GlobalSection(SolutionConfigurationPlatforms) = preSolution
		Debug|Any CPU = Debug|Any CPU
		Release|Any CPU = Release|Any CPU
	EndGlobalSection
	GlobalSection(ProjectConfigurationPlatforms) = postSolution
		{58175E9E-9075-4BBF-8C3F-A422BD0FFDE5}.Debug|Any CPU.ActiveCfg = Debug|Any CPU
		{58175E9E-9075-4BBF-8C3F-A422BD0FFDE5}.Debug|Any CPU.Build.0 = Debug|Any CPU
		{58175E9E-9075-4BBF-8C3F-A422BD0FFDE5}.Release|Any CPU.ActiveCfg = Release|Any CPU
		{58175E9E-9075-4BBF-8C3F-A422BD0FFDE5}.Release|Any CPU.Build.0 = Release|Any CPU
	EndGlobalSection
	GlobalSection(SolutionProperties) = preSolution
		HideSolutionNode = FALSE
	EndGlobalSection
	GlobalSection(ExtensibilityGlobals) = postSolution
		SolutionGuid = {4538275D-214F-41B7-BD30-C60055EB08E6}
	EndGlobalSection
EndGlobal
